
Microsoft Visual Studio Solution File, Format Version 12.00
# Visual Studio Version 17
VisualStudioVersion = 17.5.002.0
MinimumVisualStudioVersion = 10.0.40219.1
Project("{9A19103F-16F7-4668-BE54-9A1E7A4F7556}") = "BookStoreApi", "BookStoreApi.csproj", "{D56251E8-3D0B-4192-B57F-92047D2EA1F1}"
EndProject
Global
	GlobalSection(SolutionConfigurationPlatforms) = preSolution
		Debug|Any CPU = Debug|Any CPU
		Release|Any CPU = Release|Any CPU
	EndGlobalSection
	GlobalSection(ProjectConfigurationPlatforms) = postSolution
		{D56251E8-3D0B-4192-B57F-92047D2EA1F1}.Debug|Any CPU.ActiveCfg = Debug|Any CPU
		{D56251E8-3D0B-4192-B57F-92047D2EA1F1}.Debug|Any CPU.Build.0 = Debug|Any CPU
		{D56251E8-3D0B-4192-B57F-92047D2EA1F1}.Release|Any CPU.ActiveCfg = Release|Any CPU
		{D56251E8-3D0B-4192-B57F-92047D2EA1F1}.Release|Any CPU.Build.0 = Release|Any CPU
	EndGlobalSection
	GlobalSection(SolutionProperties) = preSolution
		HideSolutionNode = FALSE
	EndGlobalSection
	GlobalSection(ExtensibilityGlobals) = postSolution
		SolutionGuid = {44ABC011-DB8D-4DE7-9295-784D79D7E231}
	EndGlobalSection
EndGlobal
